
Microsoft Visual Studio Solution File, Format Version 12.00
# Visual Studio Version 17
VisualStudioVersion = 17.1.32328.378
MinimumVisualStudioVersion = 10.0.40219.1
Project("{FAE04EC0-301F-11D3-BF4B-00C04F79EFBC}") = "BAI_1_0_ONTAP_NET101_CRUD", "BAI_1_0_ONTAP_NET101_CRUD\BAI_1_0_ONTAP_NET101_CRUD.csproj", "{00F378E3-2E71-4F86-B542-F5D8CD62B112}"
EndProject
Project("{FAE04EC0-301F-11D3-BF4B-00C04F79EFBC}") = "BAI_1_1_DELEGATE", "BAI_1_1_DELEGATE\BAI_1_1_DELEGATE.csproj", "{F8090CAE-CE90-43AD-B50F-CE3BAA5140E0}"
EndProject
Project("{FAE04EC0-301F-11D3-BF4B-00C04F79EFBC}") = "BAI_1_2_DELEGATE_ACTION_FUNC_PREDICATE", "BAI_1_2_DELEGATE_ACTION_FUNC_PREDICATE\BAI_1_2_DELEGATE_ACTION_FUNC_PREDICATE.csproj", "{3910A7EF-3D34-42B0-B281-A5EC9FF32E3E}"
EndProject
Project("{FAE04EC0-301F-11D3-BF4B-00C04F79EFBC}") = "BAI_1_3_DELEGATE_EVENT", "BAI_1_3_DELEGATE_EVENT\BAI_1_3_DELEGATE_EVENT.csproj", "{DECC5EE2-F51D-488B-8291-FBE7DC6816BB}"
EndProject
Project("{FAE04EC0-301F-11D3-BF4B-00C04F79EFBC}") = "BAI_1_4_DELEGATE_EVENT2", "BAI_1_4_DELEGATE_EVENT2\BAI_1_4_DELEGATE_EVENT2.csproj", "{22FC8A27-5BB7-4E40-B29B-EBB160D9A527}"
EndProject
Project("{FAE04EC0-301F-11D3-BF4B-00C04F79EFBC}") = "BAI_1_5_DELEGATE_EVENT3", "BAI_1_5_DELEGATE_EVENT3\BAI_1_5_DELEGATE_EVENT3.csproj", "{AEC2EE62-D058-4364-A3F2-49B384EEF69C}"
EndProject
Project("{FAE04EC0-301F-11D3-BF4B-00C04F79EFBC}") = "BAI_1_6_EXCEPTION", "BAI_1_6_EXCEPTION\BAI_1_6_EXCEPTION.csproj", "{DC63AB41-03E0-477E-8255-9D8D265FC017}"
EndProject
Project("{FAE04EC0-301F-11D3-BF4B-00C04F79EFBC}") = "BAI_1_7_DinhNghia_EXCEPTION", "BAI_1_7_DinhNghia_EXCEPTION\BAI_1_7_DinhNghia_EXCEPTION.csproj", "{1C77F1B4-6102-4EFF-B939-465CC08BD60F}"
EndProject
Project("{FAE04EC0-301F-11D3-BF4B-00C04F79EFBC}") = "BAI_1_8_DINH_NGHIA_CLASS_EXCEPTION", "BAI_1_8_DINH_NGHIA_CLASS_EXCEPTION\BAI_1_8_DINH_NGHIA_CLASS_EXCEPTION.csproj", "{23A937AC-D03D-401E-B09E-4CC9EC0FA57C}"
EndProject
Project("{FAE04EC0-301F-11D3-BF4B-00C04F79EFBC}") = "BAI_1_9_COLLECTION", "BAI_1_9_COLLECTION\BAI_1_9_COLLECTION.csproj", "{F6D5FA4E-55D5-408C-BFDC-CE035B4F0AD0}"
EndProject
Project("{FAE04EC0-301F-11D3-BF4B-00C04F79EFBC}") = "BAI_2_0_GENERIC", "BAI_2_0_GENERIC\BAI_2_0_GENERIC.csproj", "{8FBF9304-1796-4787-BD95-6EA736E2C565}"
EndProject
Project("{FAE04EC0-301F-11D3-BF4B-00C04F79EFBC}") = "BAI_2_1_CLASS_GENERIC", "BAI_2_1_CLASS_GENERIC\BAI_2_1_CLASS_GENERIC.csproj", "{09DD93EC-7F5D-4DBE-8E23-D1F30BACFB22}"
EndProject
Project("{FAE04EC0-301F-11D3-BF4B-00C04F79EFBC}") = "BAI_2_2_GENERIC_COLLECTIONS", "BAI_2_2_GENERIC_COLLECTIONS\BAI_2_2_GENERIC_COLLECTIONS.csproj", "{6FC6FC62-B22E-45C6-B046-E5FA48DDCD10}"
EndProject
Project("{FAE04EC0-301F-11D3-BF4B-00C04F79EFBC}") = "BAI_2_3_PartialClass", "BAI_2_3_PartialClass\BAI_2_3_PartialClass.csproj", "{D851BC3B-E257-49BF-BF1A-6137CC087BEF}"
EndProject
Project("{FAE04EC0-301F-11D3-BF4B-00C04F79EFBC}") = "BAI_2_4_IMPLICITLY_VA_DYNAMIC_TYPE", "BAI_2_4_IMPLICITLY_VA_DYNAMIC_TYPE\BAI_2_4_IMPLICITLY_VA_DYNAMIC_TYPE.csproj", "{9FBB9529-9C35-42F4-ABD2-D03D74C0F588}"
EndProject
Project("{FAE04EC0-301F-11D3-BF4B-00C04F79EFBC}") = "BAI_2_5_NULLABLE_TYPED", "BAI_2_5_NULLABLE_TYPED\BAI_2_5_NULLABLE_TYPED.csproj", "{F0DF36D5-7823-4C2C-AD6C-5401FB639AC6}"
EndProject
Project("{FAE04EC0-301F-11D3-BF4B-00C04F79EFBC}") = "BAI_2_6_ANONYMOUS_TYPED", "BAI_2_6_ANONYMOUS_TYPED\BAI_2_6_ANONYMOUS_TYPED.csproj", "{375942B8-DE03-454E-9074-BA174AD2859C}"
EndProject
Project("{FAE04EC0-301F-11D3-BF4B-00C04F79EFBC}") = "BAI_2_7_THAO_TAC_VOI_TAP_TIN_System.IO", "BAI_2_7_THAO_TAC_VOI_TAP_TIN_System.IO\BAI_2_7_THAO_TAC_VOI_TAP_TIN_System.IO.csproj", "{47578B89-796F-4266-ACB7-9DD1C99E658A}"
EndProject
Project("{FAE04EC0-301F-11D3-BF4B-00C04F79EFBC}") = "BAI_2_8_DocGhiDoiTuong", "BAI_2_8_DocGhiDoiTuong\BAI_2_8_DocGhiDoiTuong.csproj", "{BAF19C5B-21B4-441B-91E6-EB358A5CF267}"
EndProject
Project("{FAE04EC0-301F-11D3-BF4B-00C04F79EFBC}") = "BAI_2_9_BietThucLAMBDA", "BAI_2_9_BietThucLAMBDA\BAI_2_9_BietThucLAMBDA.csproj", "{1E0077D6-7FE0-484F-8485-0396D1DA85F7}"
EndProject
Project("{FAE04EC0-301F-11D3-BF4B-00C04F79EFBC}") = "BAI_3_0_LINQ", "BAI_3_0_LINQ\BAI_3_0_LINQ.csproj", "{C9B6CCBC-B666-4B57-8CB9-6BACA2410649}"
EndProject
Project("{FAE04EC0-301F-11D3-BF4B-00C04F79EFBC}") = "BAI_3_1_LINQ_CacCauLenhCoBan", "BAI_3_1_LINQ_CacCauLenhCoBan\BAI_3_1_LINQ_CacCauLenhCoBan.csproj", "{B49B25F0-8CCB-4FF0-A400-10247538A2AC}"
EndProject
Global
	GlobalSection(SolutionConfigurationPlatforms) = preSolution
		Debug|Any CPU = Debug|Any CPU
		Release|Any CPU = Release|Any CPU
	EndGlobalSection
	GlobalSection(ProjectConfigurationPlatforms) = postSolution
		{00F378E3-2E71-4F86-B542-F5D8CD62B112}.Debug|Any CPU.ActiveCfg = Debug|Any CPU
		{00F378E3-2E71-4F86-B542-F5D8CD62B112}.Debug|Any CPU.Build.0 = Debug|Any CPU
		{00F378E3-2E71-4F86-B542-F5D8CD62B112}.Release|Any CPU.ActiveCfg = Release|Any CPU
		{00F378E3-2E71-4F86-B542-F5D8CD62B112}.Release|Any CPU.Build.0 = Release|Any CPU
		{F8090CAE-CE90-43AD-B50F-CE3BAA5140E0}.Debug|Any CPU.ActiveCfg = Debug|Any CPU
		{F8090CAE-CE90-43AD-B50F-CE3BAA5140E0}.Debug|Any CPU.Build.0 = Debug|Any CPU
		{F8090CAE-CE90-43AD-B50F-CE3BAA5140E0}.Release|Any CPU.ActiveCfg = Release|Any CPU
		{F8090CAE-CE90-43AD-B50F-CE3BAA5140E0}.Release|Any CPU.Build.0 = Release|Any CPU
		{3910A7EF-3D34-42B0-B281-A5EC9FF32E3E}.Debug|Any CPU.ActiveCfg = Debug|Any CPU
		{3910A7EF-3D34-42B0-B281-A5EC9FF32E3E}.Debug|Any CPU.Build.0 = Debug|Any CPU
		{3910A7EF-3D34-42B0-B281-A5EC9FF32E3E}.Release|Any CPU.ActiveCfg = Release|Any CPU
		{3910A7EF-3D34-42B0-B281-A5EC9FF32E3E}.Release|Any CPU.Build.0 = Release|Any CPU
		{DECC5EE2-F51D-488B-8291-FBE7DC6816BB}.Debug|Any CPU.ActiveCfg = Debug|Any CPU
		{DECC5EE2-F51D-488B-8291-FBE7DC6816BB}.Debug|Any CPU.Build.0 = Debug|Any CPU
		{DECC5EE2-F51D-488B-8291-FBE7DC6816BB}.Release|Any CPU.ActiveCfg = Release|Any CPU
		{DECC5EE2-F51D-488B-8291-FBE7DC6816BB}.Release|Any CPU.Build.0 = Release|Any CPU
		{22FC8A27-5BB7-4E40-B29B-EBB160D9A527}.Debug|Any CPU.ActiveCfg = Debug|Any CPU
		{22FC8A27-5BB7-4E40-B29B-EBB160D9A527}.Debug|Any CPU.Build.0 = Debug|Any CPU
		{22FC8A27-5BB7-4E40-B29B-EBB160D9A527}.Release|Any CPU.ActiveCfg = Release|Any CPU
		{22FC8A27-5BB7-4E40-B29B-EBB160D9A527}.Release|Any CPU.Build.0 = Release|Any CPU
		{AEC2EE62-D058-4364-A3F2-49B384EEF69C}.Debug|Any CPU.ActiveCfg = Debug|Any CPU
		{AEC2EE62-D058-4364-A3F2-49B384EEF69C}.Debug|Any CPU.Build.0 = Debug|Any CPU
		{AEC2EE62-D058-4364-A3F2-49B384EEF69C}.Release|Any CPU.ActiveCfg = Release|Any CPU
		{AEC2EE62-D058-4364-A3F2-49B384EEF69C}.Release|Any CPU.Build.0 = Release|Any CPU
		{DC63AB41-03E0-477E-8255-9D8D265FC017}.Debug|Any CPU.ActiveCfg = Debug|Any CPU
		{DC63AB41-03E0-477E-8255-9D8D265FC017}.Debug|Any CPU.Build.0 = Debug|Any CPU
		{DC63AB41-03E0-477E-8255-9D8D265FC017}.Release|Any CPU.ActiveCfg = Release|Any CPU
		{DC63AB41-03E0-477E-8255-9D8D265FC017}.Release|Any CPU.Build.0 = Release|Any CPU
		{1C77F1B4-6102-4EFF-B939-465CC08BD60F}.Debug|Any CPU.ActiveCfg = Debug|Any CPU
		{1C77F1B4-6102-4EFF-B939-465CC08BD60F}.Debug|Any CPU.Build.0 = Debug|Any CPU
		{1C77F1B4-6102-4EFF-B939-465CC08BD60F}.Release|Any CPU.ActiveCfg = Release|Any CPU
		{1C77F1B4-6102-4EFF-B939-465CC08BD60F}.Release|Any CPU.Build.0 = Release|Any CPU
		{23A937AC-D03D-401E-B09E-4CC9EC0FA57C}.Debug|Any CPU.ActiveCfg = Debug|Any CPU
		{23A937AC-D03D-401E-B09E-4CC9EC0FA57C}.Debug|Any CPU.Build.0 = Debug|Any CPU
		{23A937AC-D03D-401E-B09E-4CC9EC0FA57C}.Release|Any CPU.ActiveCfg = Release|Any CPU
		{23A937AC-D03D-401E-B09E-4CC9EC0FA57C}.Release|Any CPU.Build.0 = Release|Any CPU
		{F6D5FA4E-55D5-408C-BFDC-CE035B4F0AD0}.Debug|Any CPU.ActiveCfg = Debug|Any CPU
		{F6D5FA4E-55D5-408C-BFDC-CE035B4F0AD0}.Debug|Any CPU.Build.0 = Debug|Any CPU
		{F6D5FA4E-55D5-408C-BFDC-CE035B4F0AD0}.Release|Any CPU.ActiveCfg = Release|Any CPU
		{F6D5FA4E-55D5-408C-BFDC-CE035B4F0AD0}.Release|Any CPU.Build.0 = Release|Any CPU
		{8FBF9304-1796-4787-BD95-6EA736E2C565}.Debug|Any CPU.ActiveCfg = Debug|Any CPU
		{8FBF9304-1796-4787-BD95-6EA736E2C565}.Debug|Any CPU.Build.0 = Debug|Any CPU
		{8FBF9304-1796-4787-BD95-6EA736E2C565}.Release|Any CPU.ActiveCfg = Release|Any CPU
		{8FBF9304-1796-4787-BD95-6EA736E2C565}.Release|Any CPU.Build.0 = Release|Any CPU
		{09DD93EC-7F5D-4DBE-8E23-D1F30BACFB22}.Debug|Any CPU.ActiveCfg = Debug|Any CPU
		{09DD93EC-7F5D-4DBE-8E23-D1F30BACFB22}.Debug|Any CPU.Build.0 = Debug|Any CPU
		{09DD93EC-7F5D-4DBE-8E23-D1F30BACFB22}.Release|Any CPU.ActiveCfg = Release|Any CPU
		{09DD93EC-7F5D-4DBE-8E23-D1F30BACFB22}.Release|Any CPU.Build.0 = Release|Any CPU
		{6FC6FC62-B22E-45C6-B046-E5FA48DDCD10}.Debug|Any CPU.ActiveCfg = Debug|Any CPU
		{6FC6FC62-B22E-45C6-B046-E5FA48DDCD10}.Debug|Any CPU.Build.0 = Debug|Any CPU
		{6FC6FC62-B22E-45C6-B046-E5FA48DDCD10}.Release|Any CPU.ActiveCfg = Release|Any CPU
		{6FC6FC62-B22E-45C6-B046-E5FA48DDCD10}.Release|Any CPU.Build.0 = Release|Any CPU
		{D851BC3B-E257-49BF-BF1A-6137CC087BEF}.Debug|Any CPU.ActiveCfg = Debug|Any CPU
		{D851BC3B-E257-49BF-BF1A-6137CC087BEF}.Debug|Any CPU.Build.0 = Debug|Any CPU
		{D851BC3B-E257-49BF-BF1A-6137CC087BEF}.Release|Any CPU.ActiveCfg = Release|Any CPU
		{D851BC3B-E257-49BF-BF1A-6137CC087BEF}.Release|Any CPU.Build.0 = Release|Any CPU
		{9FBB9529-9C35-42F4-ABD2-D03D74C0F588}.Debug|Any CPU.ActiveCfg = Debug|Any CPU
		{9FBB9529-9C35-42F4-ABD2-D03D74C0F588}.Debug|Any CPU.Build.0 = Debug|Any CPU
		{9FBB9529-9C35-42F4-ABD2-D03D74C0F588}.Release|Any CPU.ActiveCfg = Release|Any CPU
		{9FBB9529-9C35-42F4-ABD2-D03D74C0F588}.Release|Any CPU.Build.0 = Release|Any CPU
		{F0DF36D5-7823-4C2C-AD6C-5401FB639AC6}.Debug|Any CPU.ActiveCfg = Debug|Any CPU
		{F0DF36D5-7823-4C2C-AD6C-5401FB639AC6}.Debug|Any CPU.Build.0 = Debug|Any CPU
		{F0DF36D5-7823-4C2C-AD6C-5401FB639AC6}.Release|Any CPU.ActiveCfg = Release|Any CPU
		{F0DF36D5-7823-4C2C-AD6C-5401FB639AC6}.Release|Any CPU.Build.0 = Release|Any CPU
		{375942B8-DE03-454E-9074-BA174AD2859C}.Debug|Any CPU.ActiveCfg = Debug|Any CPU
		{375942B8-DE03-454E-9074-BA174AD2859C}.Debug|Any CPU.Build.0 = Debug|Any CPU
		{375942B8-DE03-454E-9074-BA174AD2859C}.Release|Any CPU.ActiveCfg = Release|Any CPU
		{375942B8-DE03-454E-9074-BA174AD2859C}.Release|Any CPU.Build.0 = Release|Any CPU
		{47578B89-796F-4266-ACB7-9DD1C99E658A}.Debug|Any CPU.ActiveCfg = Debug|Any CPU
		{47578B89-796F-4266-ACB7-9DD1C99E658A}.Debug|Any CPU.Build.0 = Debug|Any CPU
		{47578B89-796F-4266-ACB7-9DD1C99E658A}.Release|Any CPU.ActiveCfg = Release|Any CPU
		{47578B89-796F-4266-ACB7-9DD1C99E658A}.Release|Any CPU.Build.0 = Release|Any CPU
		{BAF19C5B-21B4-441B-91E6-EB358A5CF267}.Debug|Any CPU.ActiveCfg = Debug|Any CPU
		{BAF19C5B-21B4-441B-91E6-EB358A5CF267}.Debug|Any CPU.Build.0 = Debug|Any CPU
		{BAF19C5B-21B4-441B-91E6-EB358A5CF267}.Release|Any CPU.ActiveCfg = Release|Any CPU
		{BAF19C5B-21B4-441B-91E6-EB358A5CF267}.Release|Any CPU.Build.0 = Release|Any CPU
		{1E0077D6-7FE0-484F-8485-0396D1DA85F7}.Debug|Any CPU.ActiveCfg = Debug|Any CPU
		{1E0077D6-7FE0-484F-8485-0396D1DA85F7}.Debug|Any CPU.Build.0 = Debug|Any CPU
		{1E0077D6-7FE0-484F-8485-0396D1DA85F7}.Release|Any CPU.ActiveCfg = Release|Any CPU
		{1E0077D6-7FE0-484F-8485-0396D1DA85F7}.Release|Any CPU.Build.0 = Release|Any CPU
		{C9B6CCBC-B666-4B57-8CB9-6BACA2410649}.Debug|Any CPU.ActiveCfg = Debug|Any CPU
		{C9B6CCBC-B666-4B57-8CB9-6BACA2410649}.Debug|Any CPU.Build.0 = Debug|Any CPU
		{C9B6CCBC-B666-4B57-8CB9-6BACA2410649}.Release|Any CPU.ActiveCfg = Release|Any CPU
		{C9B6CCBC-B666-4B57-8CB9-6BACA2410649}.Release|Any CPU.Build.0 = Release|Any CPU
		{B49B25F0-8CCB-4FF0-A400-10247538A2AC}.Debug|Any CPU.ActiveCfg = Debug|Any CPU
		{B49B25F0-8CCB-4FF0-A400-10247538A2AC}.Debug|Any CPU.Build.0 = Debug|Any CPU
		{B49B25F0-8CCB-4FF0-A400-10247538A2AC}.Release|Any CPU.ActiveCfg = Release|Any CPU
		{B49B25F0-8CCB-4FF0-A400-10247538A2AC}.Release|Any CPU.Build.0 = Release|Any CPU
	EndGlobalSection
	GlobalSection(SolutionProperties) = preSolution
		HideSolutionNode = FALSE
	EndGlobalSection
	GlobalSection(ExtensibilityGlobals) = postSolution
		SolutionGuid = {69BD6AEC-C5FE-4329-8970-441E9CD9B7EA}
	EndGlobalSection
EndGlobal
